
Microsoft Visual Studio Solution File, Format Version 12.00
# Visual Studio Version 16
VisualStudioVersion = 16.0.31729.503
MinimumVisualStudioVersion = 10.0.40219.1
Project("{FAE04EC0-301F-11D3-BF4B-00C04F79EFBC}") = "sealed", "sealed\sealed.csproj", "{682E442F-6C1E-447F-B2FE-55601E3F1F61}"
EndProject
Global
	GlobalSection(SolutionConfigurationPlatforms) = preSolution
		Debug|Any CPU = Debug|Any CPU
		Release|Any CPU = Release|Any CPU
	EndGlobalSection
	GlobalSection(ProjectConfigurationPlatforms) = postSolution
		{682E442F-6C1E-447F-B2FE-55601E3F1F61}.Debug|Any CPU.ActiveCfg = Debug|Any CPU
		{682E442F-6C1E-447F-B2FE-55601E3F1F61}.Debug|Any CPU.Build.0 = Debug|Any CPU
		{682E442F-6C1E-447F-B2FE-55601E3F1F61}.Release|Any CPU.ActiveCfg = Release|Any CPU
		{682E442F-6C1E-447F-B2FE-55601E3F1F61}.Release|Any CPU.Build.0 = Release|Any CPU
	EndGlobalSection
	GlobalSection(SolutionProperties) = preSolution
		HideSolutionNode = FALSE
	EndGlobalSection
	GlobalSection(ExtensibilityGlobals) = postSolution
		SolutionGuid = {E5EAC976-A768-4C53-9100-8AE7920600B0}
	EndGlobalSection
EndGlobal
