
Microsoft Visual Studio Solution File, Format Version 12.00
# Visual Studio Version 16
VisualStudioVersion = 16.0.31729.503
MinimumVisualStudioVersion = 10.0.40219.1
Project("{FAE04EC0-301F-11D3-BF4B-00C04F79EFBC}") = "DataAnnotation", "DataAnnotation\DataAnnotation.csproj", "{B6224667-5EB9-4B81-98AB-42971AB53876}"
EndProject
Global
	GlobalSection(SolutionConfigurationPlatforms) = preSolution
		Debug|Any CPU = Debug|Any CPU
		Release|Any CPU = Release|Any CPU
	EndGlobalSection
	GlobalSection(ProjectConfigurationPlatforms) = postSolution
		{B6224667-5EB9-4B81-98AB-42971AB53876}.Debug|Any CPU.ActiveCfg = Debug|Any CPU
		{B6224667-5EB9-4B81-98AB-42971AB53876}.Debug|Any CPU.Build.0 = Debug|Any CPU
		{B6224667-5EB9-4B81-98AB-42971AB53876}.Release|Any CPU.ActiveCfg = Release|Any CPU
		{B6224667-5EB9-4B81-98AB-42971AB53876}.Release|Any CPU.Build.0 = Release|Any CPU
	EndGlobalSection
	GlobalSection(SolutionProperties) = preSolution
		HideSolutionNode = FALSE
	EndGlobalSection
	GlobalSection(ExtensibilityGlobals) = postSolution
		SolutionGuid = {9F4E3E4F-06C0-499B-B35F-2CA004BF7AF2}
	EndGlobalSection
EndGlobal
