
Microsoft Visual Studio Solution File, Format Version 12.00
# Visual Studio Version 16
VisualStudioVersion = 16.0.31729.503
MinimumVisualStudioVersion = 10.0.40219.1
Project("{FAE04EC0-301F-11D3-BF4B-00C04F79EFBC}") = "Indexer", "Indexer\Indexer.csproj", "{851E2D48-7EEC-44D0-B2B1-CFAA6F658712}"
EndProject
Global
	GlobalSection(SolutionConfigurationPlatforms) = preSolution
		Debug|Any CPU = Debug|Any CPU
		Release|Any CPU = Release|Any CPU
	EndGlobalSection
	GlobalSection(ProjectConfigurationPlatforms) = postSolution
		{851E2D48-7EEC-44D0-B2B1-CFAA6F658712}.Debug|Any CPU.ActiveCfg = Debug|Any CPU
		{851E2D48-7EEC-44D0-B2B1-CFAA6F658712}.Debug|Any CPU.Build.0 = Debug|Any CPU
		{851E2D48-7EEC-44D0-B2B1-CFAA6F658712}.Release|Any CPU.ActiveCfg = Release|Any CPU
		{851E2D48-7EEC-44D0-B2B1-CFAA6F658712}.Release|Any CPU.Build.0 = Release|Any CPU
	EndGlobalSection
	GlobalSection(SolutionProperties) = preSolution
		HideSolutionNode = FALSE
	EndGlobalSection
	GlobalSection(ExtensibilityGlobals) = postSolution
		SolutionGuid = {0A9473AE-4916-49B4-8DF8-0DC4111116AB}
	EndGlobalSection
EndGlobal
